
Microsoft Visual Studio Solution File, Format Version 12.00
# Visual Studio Version 17
VisualStudioVersion = 17.4.33403.182
MinimumVisualStudioVersion = 10.0.40219.1
Project("{FAE04EC0-301F-11D3-BF4B-00C04F79EFBC}") = "Configgy", "Configgy.csproj", "{2620C12A-264F-4AE7-BF93-46D74D4C5F78}"
EndProject
Global
	GlobalSection(SolutionConfigurationPlatforms) = preSolution
		Debug|Any CPU = Debug|Any CPU
		Release|Any CPU = Release|Any CPU
	EndGlobalSection
	GlobalSection(ProjectConfigurationPlatforms) = postSolution
		{2620C12A-264F-4AE7-BF93-46D74D4C5F78}.Debug|Any CPU.ActiveCfg = Debug|Any CPU
		{2620C12A-264F-4AE7-BF93-46D74D4C5F78}.Debug|Any CPU.Build.0 = Debug|Any CPU
		{2620C12A-264F-4AE7-BF93-46D74D4C5F78}.Release|Any CPU.ActiveCfg = Release|Any CPU
		{2620C12A-264F-4AE7-BF93-46D74D4C5F78}.Release|Any CPU.Build.0 = Release|Any CPU
	EndGlobalSection
	GlobalSection(SolutionProperties) = preSolution
		HideSolutionNode = FALSE
	EndGlobalSection
	GlobalSection(ExtensibilityGlobals) = postSolution
		SolutionGuid = {77446EA2-ED76-4FEB-9C31-F54C79446BDF}
	EndGlobalSection
EndGlobal
